// !$*UTF8*$!
{
	archiveVersion = 1;
	classes = {
	};
	objectVersion = 55;
	objects = {

/* Begin PBXBuildFile section */
		F18A73E8285BB78E007AFC94 /* AppDelegate.swift in Sources */ = {isa = PBXBuildFile; fileRef = F18A73E7285BB78E007AFC94 /* AppDelegate.swift */; };
		F18A73EA285BB78E007AFC94 /* SceneDelegate.swift in Sources */ = {isa = PBXBuildFile; fileRef = F18A73E9285BB78E007AFC94 /* SceneDelegate.swift */; };
		F18A73EF285BB78E007AFC94 /* Main.storyboard in Resources */ = {isa = PBXBuildFile; fileRef = F18A73ED285BB78E007AFC94 /* Main.storyboard */; };
		F18A73F1285BB790007AFC94 /* Assets.xcassets in Resources */ = {isa = PBXBuildFile; fileRef = F18A73F0285BB790007AFC94 /* Assets.xcassets */; };
		F18A73F4285BB790007AFC94 /* LaunchScreen.storyboard in Resources */ = {isa = PBXBuildFile; fileRef = F18A73F2285BB790007AFC94 /* LaunchScreen.storyboard */; };
		F18A7401285E7D12007AFC94 /* TrafficLightViewController.swift in Sources */ = {isa = PBXBuildFile; fileRef = F18A7400285E7D12007AFC94 /* TrafficLightViewController.swift */; };
/* End PBXBuildFile section */

/* Begin PBXFileReference section */
		F18A73E4285BB78E007AFC94 /* Homework2_2.28.app */ = {isa = PBXFileReference; explicitFileType = wrapper.application; includeInIndex = 0; path = Homework2_2.28.app; sourceTree = BUILT_PRODUCTS_DIR; };
		F18A73E7285BB78E007AFC94 /* AppDelegate.swift */ = {isa = PBXFileReference; lastKnownFileType = sourcecode.swift; path = AppDelegate.swift; sourceTree = "<group>"; };
		F18A73E9285BB78E007AFC94 /* SceneDelegate.swift */ = {isa = PBXFileReference; lastKnownFileType = sourcecode.swift; path = SceneDelegate.swift; sourceTree = "<group>"; };
		F18A73EE285BB78E007AFC94 /* Base */ = {isa = PBXFileReference; lastKnownFileType = file.storyboard; name = Base; path = Base.lproj/Main.storyboard; sourceTree = "<group>"; };
		F18A73F0285BB790007AFC94 /* Assets.xcassets */ = {isa = PBXFileReference; lastKnownFileType = folder.assetcatalog; path = Assets.xcassets; sourceTree = "<group>"; };
		F18A73F3285BB790007AFC94 /* Base */ = {isa = PBXFileReference; lastKnownFileType = file.storyboard; name = Base; path = Base.lproj/LaunchScreen.storyboard; sourceTree = "<group>"; };
		F18A73F5285BB790007AFC94 /* Info.plist */ = {isa = PBXFileReference; lastKnownFileType = text.plist.xml; path = Info.plist; sourceTree = "<group>"; };
		F18A7400285E7D12007AFC94 /* TrafficLightViewController.swift */ = {isa = PBXFileReference; lastKnownFileType = sourcecode.swift; path = TrafficLightViewController.swift; sourceTree = "<group>"; };
/* End PBXFileReference section */

/* Begin PBXFrameworksBuildPhase section */
		F18A73E1285BB78E007AFC94 /* Frameworks */ = {
			isa = PBXFrameworksBuildPhase;
			buildActionMask = 2147483647;
			files = (
			);
			runOnlyForDeploymentPostprocessing = 0;
		};
/* End PBXFrameworksBuildPhase section */

/* Begin PBXGroup section */
		F18A73DB285BB78D007AFC94 = {
			isa = PBXGroup;
			children = (
				F18A73E6285BB78E007AFC94 /* Homework2_2.28 */,
				F18A73E5285BB78E007AFC94 /* Products */,
			);
			sourceTree = "<group>";
		};
		F18A73E5285BB78E007AFC94 /* Products */ = {
			isa = PBXGroup;
			children = (
				F18A73E4285BB78E007AFC94 /* Homework2_2.28.app */,
			);
			name = Products;
			sourceTree = "<group>";
		};
		F18A73E6285BB78E007AFC94 /* Homework2_2.28 */ = {
			isa = PBXGroup;
			children = (
				F18A73FE285E75F8007AFC94 /* ViewControllers */,
				F18A73FB285E75CC007AFC94 /* Storyboards */,
				F18A73FF285E760C007AFC94 /* Support */,
				F18A73FD285E75E7007AFC94 /* Resources */,
			);
			path = Homework2_2.28;
			sourceTree = "<group>";
		};
		F18A73FB285E75CC007AFC94 /* Storyboards */ = {
			isa = PBXGroup;
			children = (
				F18A73ED285BB78E007AFC94 /* Main.storyboard */,
				F18A73F2285BB790007AFC94 /* LaunchScreen.storyboard */,
			);
			path = Storyboards;
			sourceTree = "<group>";
		};
		F18A73FD285E75E7007AFC94 /* Resources */ = {
			isa = PBXGroup;
			children = (
				F18A73F0285BB790007AFC94 /* Assets.xcassets */,
			);
			path = Resources;
			sourceTree = "<group>";
		};
		F18A73FE285E75F8007AFC94 /* ViewControllers */ = {
			isa = PBXGroup;
			children = (
				F18A7400285E7D12007AFC94 /* TrafficLightViewController.swift */,
			);
			path = ViewControllers;
			sourceTree = "<group>";
		};
		F18A73FF285E760C007AFC94 /* Support */ = {
			isa = PBXGroup;
			children = (
				F18A73E7285BB78E007AFC94 /* AppDelegate.swift */,
				F18A73E9285BB78E007AFC94 /* SceneDelegate.swift */,
				F18A73F5285BB790007AFC94 /* Info.plist */,
			);
			path = Support;
			sourceTree = "<group>";
		};
/* End PBXGroup section */

/* Begin PBXNativeTarget section */
		F18A73E3285BB78E007AFC94 /* Homework2_2.28 */ = {
			isa = PBXNativeTarget;
			buildConfigurationList = F18A73F8285BB790007AFC94 /* Build configuration list for PBXNativeTarget "Homework2_2.28" */;
			buildPhases = (
				F18A73E0285BB78E007AFC94 /* Sources */,
				F18A73E1285BB78E007AFC94 /* Frameworks */,
				F18A73E2285BB78E007AFC94 /* Resources */,
			);
			buildRules = (
			);
			dependencies = (
			);
			name = Homework2_2.28;
			productName = Homework2_2.28;
			productReference = F18A73E4285BB78E007AFC94 /* Homework2_2.28.app */;
			productType = "com.apple.product-type.application";
		};
/* End PBXNativeTarget section */

/* Begin PBXProject section */
		F18A73DC285BB78D007AFC94 /* Project object */ = {
			isa = PBXProject;
			attributes = {
				BuildIndependentTargetsInParallel = 1;
				LastSwiftUpdateCheck = 1340;
				LastUpgradeCheck = 1340;
				TargetAttributes = {
					F18A73E3285BB78E007AFC94 = {
						CreatedOnToolsVersion = 13.4.1;
					};
				};
			};
			buildConfigurationList = F18A73DF285BB78D007AFC94 /* Build configuration list for PBXProject "Homework2_2.28" */;
			compatibilityVersion = "Xcode 13.0";
			developmentRegion = en;
			hasScannedForEncodings = 0;
			knownRegions = (
				en,
				Base,
			);
			mainGroup = F18A73DB285BB78D007AFC94;
			productRefGroup = F18A73E5285BB78E007AFC94 /* Products */;
			projectDirPath = "";
			projectRoot = "";
			targets = (
				F18A73E3285BB78E007AFC94 /* Homework2_2.28 */,
			);
		};
/* End PBXProject section */

/* Begin PBXResourcesBuildPhase section */
		F18A73E2285BB78E007AFC94 /* Resources */ = {
			isa = PBXResourcesBuildPhase;
			buildActionMask = 2147483647;
			files = (
				F18A73F4285BB790007AFC94 /* LaunchScreen.storyboard in Resources */,
				F18A73F1285BB790007AFC94 /* Assets.xcassets in Resources */,
				F18A73EF285BB78E007AFC94 /* Main.storyboard in Resources */,
			);
			runOnlyForDeploymentPostprocessing = 0;
		};
/* End PBXResourcesBuildPhase section */

/* Begin PBXSourcesBuildPhase section */
		F18A73E0285BB78E007AFC94 /* Sources */ = {
			isa = PBXSourcesBuildPhase;
			buildActionMask = 2147483647;
			files = (
				F18A73E8285BB78E007AFC94 /* AppDelegate.swift in Sources */,
				F18A7401285E7D12007AFC94 /* TrafficLightViewController.swift in Sources */,
				F18A73EA285BB78E007AFC94 /* SceneDelegate.swift in Sources */,
			);
			runOnlyForDeploymentPostprocessing = 0;
		};
/* End PBXSourcesBuildPhase section */

/* Begin PBXVariantGroup section */
		F18A73ED285BB78E007AFC94 /* Main.storyboard */ = {
			isa = PBXVariantGroup;
			children = (
				F18A73EE285BB78E007AFC94 /* Base */,
			);
			name = Main.storyboard;
			sourceTree = "<group>";
		};
		F18A73F2285BB790007AFC94 /* LaunchScreen.storyboard */ = {
			isa = PBXVariantGroup;
			children = (
				F18A73F3285BB790007AFC94 /* Base */,
			);
			name = LaunchScreen.storyboard;
			sourceTree = "<group>";
		};
/* End PBXVariantGroup section */

/* Begin XCBuildConfiguration section */
		F18A73F6285BB790007AFC94 /* Debug */ = {
			isa = XCBuildConfiguration;
			buildSettings = {
				ALWAYS_SEARCH_USER_PATHS = NO;
				CLANG_ANALYZER_NONNULL = YES;
				CLANG_ANALYZER_NUMBER_OBJECT_CONVERSION = YES_AGGRESSIVE;
				CLANG_CXX_LANGUAGE_STANDARD = "gnu++17";
				CLANG_ENABLE_MODULES = YES;
				CLANG_ENABLE_OBJC_ARC = YES;
				CLANG_ENABLE_OBJC_WEAK = YES;
				CLANG_WARN_BLOCK_CAPTURE_AUTORELEASING = YES;
				CLANG_WARN_BOOL_CONVERSION = YES;
				CLANG_WARN_COMMA = YES;
				CLANG_WARN_CONSTANT_CONVERSION = YES;
				CLANG_WARN_DEPRECATED_OBJC_IMPLEMENTATIONS = YES;
				CLANG_WARN_DIRECT_OBJC_ISA_USAGE = YES_ERROR;
				CLANG_WARN_DOCUMENTATION_COMMENTS = YES;
				CLANG_WARN_EMPTY_BODY = YES;
				CLANG_WARN_ENUM_CONVERSION = YES;
				CLANG_WARN_INFINITE_RECURSION = YES;
				CLANG_WARN_INT_CONVERSION = YES;
				CLANG_WARN_NON_LITERAL_NULL_CONVERSION = YES;
				CLANG_WARN_OBJC_IMPLICIT_RETAIN_SELF = YES;
				CLANG_WARN_OBJC_LITERAL_CONVERSION = YES;
				CLANG_WARN_OBJC_ROOT_CLASS = YES_ERROR;
				CLANG_WARN_QUOTED_INCLUDE_IN_FRAMEWORK_HEADER = YES;
				CLANG_WARN_RANGE_LOOP_ANALYSIS = YES;
				CLANG_WARN_STRICT_PROTOTYPES = YES;
				CLANG_WARN_SUSPICIOUS_MOVE = YES;
				CLANG_WARN_UNGUARDED_AVAILABILITY = YES_AGGRESSIVE;
				CLANG_WARN_UNREACHABLE_CODE = YES;
				CLANG_WARN__DUPLICATE_METHOD_MATCH = YES;
				COPY_PHASE_STRIP = NO;
				DEBUG_INFORMATION_FORMAT = dwarf;
				ENABLE_STRICT_OBJC_MSGSEND = YES;
				ENABLE_TESTABILITY = YES;
				GCC_C_LANGUAGE_STANDARD = gnu11;
				GCC_DYNAMIC_NO_PIC = NO;
				GCC_NO_COMMON_BLOCKS = YES;
				GCC_OPTIMIZATION_LEVEL = 0;
				GCC_PREPROCESSOR_DEFINITIONS = (
					"DEBUG=1",
					"$(inherited)",
				);
				GCC_WARN_64_TO_32_BIT_CONVERSION = YES;
				GCC_WARN_ABOUT_RETURN_TYPE = YES_ERROR;
				GCC_WARN_UNDECLARED_SELECTOR = YES;
				GCC_WARN_UNINITIALIZED_AUTOS = YES_AGGRESSIVE;
				GCC_WARN_UNUSED_FUNCTION = YES;
				GCC_WARN_UNUSED_VARIABLE = YES;
				IPHONEOS_DEPLOYMENT_TARGET = 15.5;
				MTL_ENABLE_DEBUG_INFO = INCLUDE_SOURCE;
				MTL_FAST_MATH = YES;
				ONLY_ACTIVE_ARCH = YES;
				SDKROOT = iphoneos;
				SWIFT_ACTIVE_COMPILATION_CONDITIONS = DEBUG;
				SWIFT_OPTIMIZATION_LEVEL = "-Onone";
			};
			name = Debug;
		};
		F18A73F7285BB790007AFC94 /* Release */ = {
			isa = XCBuildConfiguration;
			buildSettings = {
				ALWAYS_SEARCH_USER_PATHS = NO;
				CLANG_ANALYZER_NONNULL = YES;
				CLANG_ANALYZER_NUMBER_OBJECT_CONVERSION = YES_AGGRESSIVE;
				CLANG_CXX_LANGUAGE_STANDARD = "gnu++17";
				CLANG_ENABLE_MODULES = YES;
				CLANG_ENABLE_OBJC_ARC = YES;
				CLANG_ENABLE_OBJC_WEAK = YES;
				CLANG_WARN_BLOCK_CAPTURE_AUTORELEASING = YES;
				CLANG_WARN_BOOL_CONVERSION = YES;
				CLANG_WARN_COMMA = YES;
				CLANG_WARN_CONSTANT_CONVERSION = YES;
				CLANG_WARN_DEPRECATED_OBJC_IMPLEMENTATIONS = YES;
				CLANG_WARN_DIRECT_OBJC_ISA_USAGE = YES_ERROR;
				CLANG_WARN_DOCUMENTATION_COMMENTS = YES;
				CLANG_WARN_EMPTY_BODY = YES;
				CLANG_WARN_ENUM_CONVERSION = YES;
				CLANG_WARN_INFINITE_RECURSION = YES;
				CLANG_WARN_INT_CONVERSION = YES;
				CLANG_WARN_NON_LITERAL_NULL_CONVERSION = YES;
				CLANG_WARN_OBJC_IMPLICIT_RETAIN_SELF = YES;
				CLANG_WARN_OBJC_LITERAL_CONVERSION = YES;
				CLANG_WARN_OBJC_ROOT_CLASS = YES_ERROR;
				CLANG_WARN_QUOTED_INCLUDE_IN_FRAMEWORK_HEADER = YES;
				CLANG_WARN_RANGE_LOOP_ANALYSIS = YES;
				CLANG_WARN_STRICT_PROTOTYPES = YES;
				CLANG_WARN_SUSPICIOUS_MOVE = YES;
				CLANG_WARN_UNGUARDED_AVAILABILITY = YES_AGGRESSIVE;
				CLANG_WARN_UNREACHABLE_CODE = YES;
				CLANG_WARN__DUPLICATE_METHOD_MATCH = YES;
				COPY_PHASE_STRIP = NO;
				DEBUG_INFORMATION_FORMAT = "dwarf-with-dsym";
				ENABLE_NS_ASSERTIONS = NO;
				ENABLE_STRICT_OBJC_MSGSEND = YES;
				GCC_C_LANGUAGE_STANDARD = gnu11;
				GCC_NO_COMMON_BLOCKS = YES;
				GCC_WARN_64_TO_32_BIT_CONVERSION = YES;
				GCC_WARN_ABOUT_RETURN_TYPE = YES_ERROR;
				GCC_WARN_UNDECLARED_SELECTOR = YES;
				GCC_WARN_UNINITIALIZED_AUTOS = YES_AGGRESSIVE;
				GCC_WARN_UNUSED_FUNCTION = YES;
				GCC_WARN_UNUSED_VARIABLE = YES;
				IPHONEOS_DEPLOYMENT_TARGET = 15.5;
				MTL_ENABLE_DEBUG_INFO = NO;
				MTL_FAST_MATH = YES;
				SDKROOT = iphoneos;
				SWIFT_COMPILATION_MODE = wholemodule;
				SWIFT_OPTIMIZATION_LEVEL = "-O";
				VALIDATE_PRODUCT = YES;
			};
			name = Release;
		};
		F18A73F9285BB790007AFC94 /* Debug */ = {
			isa = XCBuildConfiguration;
			buildSettings = {
				ASSETCATALOG_COMPILER_APPICON_NAME = AppIcon;
				ASSETCATALOG_COMPILER_GLOBAL_ACCENT_COLOR_NAME = AccentColor;
				CODE_SIGN_STYLE = Automatic;
				CURRENT_PROJECT_VERSION = 1;
				DEVELOPMENT_TEAM = RR2792TYH2;
				GENERATE_INFOPLIST_FILE = YES;
				INFOPLIST_FILE = Homework2_2.28/Support/Info.plist;
				INFOPLIST_KEY_UIApplicationSupportsIndirectInputEvents = YES;
				INFOPLIST_KEY_UILaunchStoryboardName = LaunchScreen;
				INFOPLIST_KEY_UIMainStoryboardFile = Main;
				INFOPLIST_KEY_UISupportedInterfaceOrientations_iPad = "UIInterfaceOrientationPortrait UIInterfaceOrientationPortraitUpsideDown UIInterfaceOrientationLandscapeLeft UIInterfaceOrientationLandscapeRight";
				INFOPLIST_KEY_UISupportedInterfaceOrientations_iPhone = "UIInterfaceOrientationPortrait UIInterfaceOrientationLandscapeLeft UIInterfaceOrientationLandscapeRight";
				LD_RUNPATH_SEARCH_PATHS = (
					"$(inherited)",
					"@executable_path/Frameworks",
				);
				MARKETING_VERSION = 1.0;
				PRODUCT_BUNDLE_IDENTIFIER = "com.ravilgab.Homework2-2-28";
				PRODUCT_NAME = "$(TARGET_NAME)";
				SWIFT_EMIT_LOC_STRINGS = YES;
				SWIFT_VERSION = 5.0;
				TARGETED_DEVICE_FAMILY = "1,2";
			};
			name = Debug;
		};
		F18A73FA285BB790007AFC94 /* Release */ = {
			isa = XCBuildConfiguration;
			buildSettings = {
				ASSETCATALOG_COMPILER_APPICON_NAME = AppIcon;
				ASSETCATALOG_COMPILER_GLOBAL_ACCENT_COLOR_NAME = AccentColor;
				CODE_SIGN_STYLE = Automatic;
				CURRENT_PROJECT_VERSION = 1;
				DEVELOPMENT_TEAM = RR2792TYH2;
				GENERATE_INFOPLIST_FILE = YES;
				INFOPLIST_FILE = Homework2_2.28/Support/Info.plist;
				INFOPLIST_KEY_UIApplicationSupportsIndirectInputEvents = YES;
				INFOPLIST_KEY_UILaunchStoryboardName = LaunchScreen;
				INFOPLIST_KEY_UIMainStoryboardFile = Main;
				INFOPLIST_KEY_UISupportedInterfaceOrientations_iPad = "UIInterfaceOrientationPortrait UIInterfaceOrientationPortraitUpsideDown UIInterfaceOrientationLandscapeLeft UIInterfaceOrientationLandscapeRight";
				INFOPLIST_KEY_UISupportedInterfaceOrientations_iPhone = "UIInterfaceOrientationPortrait UIInterfaceOrientationLandscapeLeft UIInterfaceOrientationLandscapeRight";
				LD_RUNPATH_SEARCH_PATHS = (
					"$(inherited)",
					"@executable_path/Frameworks",
				);
				MARKETING_VERSION = 1.0;
				PRODUCT_BUNDLE_IDENTIFIER = "com.ravilgab.Homework2-2-28";
				PRODUCT_NAME = "$(TARGET_NAME)";
				SWIFT_EMIT_LOC_STRINGS = YES;
				SWIFT_VERSION = 5.0;
				TARGETED_DEVICE_FAMILY = "1,2";
			};
			name = Release;
		};
/* End XCBuildConfiguration section */

/* Begin XCConfigurationList section */
		F18A73DF285BB78D007AFC94 /* Build configuration list for PBXProject "Homework2_2.28" */ = {
			isa = XCConfigurationList;
			buildConfigurations = (
				F18A73F6285BB790007AFC94 /* Debug */,
				F18A73F7285BB790007AFC94 /* Release */,
			);
			defaultConfigurationIsVisible = 0;
			defaultConfigurationName = Release;
		};
		F18A73F8285BB790007AFC94 /* Build configuration list for PBXNativeTarget "Homework2_2.28" */ = {
			isa = XCConfigurationList;
			buildConfigurations = (
				F18A73F9285BB790007AFC94 /* Debug */,
				F18A73FA285BB790007AFC94 /* Release */,
			);
			defaultConfigurationIsVisible = 0;
			defaultConfigurationName = Release;
		};
/* End XCConfigurationList section */
	};
	rootObject = F18A73DC285BB78D007AFC94 /* Project object */;
}
